
Microsoft Visual Studio Solution File, Format Version 12.00
# Visual Studio Version 17
VisualStudioVersion = 17.0.31903.59
MinimumVisualStudioVersion = 10.0.40219.1
Project("{2150E333-8FDC-42A3-9474-1A3956D46DE8}") = "src", "src", "{F3E99ECD-8C73-4BC1-B676-7E978B282458}"
EndProject
Project("{FAE04EC0-301F-11D3-BF4B-00C04F79EFBC}") = "PropFlow.Api", "src\PropFlow.Api\PropFlow.Api.csproj", "{6007CBF3-FED5-4FCC-8408-7C212D55217A}"
EndProject
Project("{FAE04EC0-301F-11D3-BF4B-00C04F79EFBC}") = "PropFlow.Web", "src\PropFlow.Web\PropFlow.Web.csproj", "{502EBA25-B193-4421-A220-23F2F8623CE3}"
EndProject
Project("{FAE04EC0-301F-11D3-BF4B-00C04F79EFBC}") = "PropFlow.Web.Client", "src\PropFlow.Web.Client\PropFlow.Web.Client.csproj", "{0250FDC1-F612-4AC2-9EAF-1665DFD22FB8}"
EndProject
Project("{2150E333-8FDC-42A3-9474-1A3956D46DE8}") = "Modules", "Modules", "{2A0E91FB-51BF-420E-8AF9-06E1DFE4433E}"
EndProject
Project("{FAE04EC0-301F-11D3-BF4B-00C04F79EFBC}") = "PropFlow.Modules.Authentication", "src\Modules\Authentication\PropFlow.Modules.Authentication.csproj", "{41CA39AD-ED79-40F1-B255-8680B04C611D}"
EndProject
Project("{FAE04EC0-301F-11D3-BF4B-00C04F79EFBC}") = "PropFlow.Modules.Residents", "src\Modules\Residents\PropFlow.Modules.Residents.csproj", "{EA33EF8F-96B6-4B73-A371-DD9DE17D1142}"
EndProject
Project("{FAE04EC0-301F-11D3-BF4B-00C04F79EFBC}") = "PropFlow.Modules.Apartments", "src\Modules\Apartments\PropFlow.Modules.Apartments.csproj", "{68019BDA-D952-41C1-B533-6EE80C095174}"
EndProject
Project("{FAE04EC0-301F-11D3-BF4B-00C04F79EFBC}") = "PropFlow.Modules.PropertyAssets", "src\Modules\PropertyAssets\PropFlow.Modules.PropertyAssets.csproj", "{3D4742D2-0828-4DC2-B0F8-EACB2B2CD405}"
EndProject
Project("{FAE04EC0-301F-11D3-BF4B-00C04F79EFBC}") = "PropFlow.Modules.ServiceRequests", "src\Modules\ServiceRequests\PropFlow.Modules.ServiceRequests.csproj", "{2F704DFC-B091-4134-BC13-86672174AF37}"
EndProject
Project("{FAE04EC0-301F-11D3-BF4B-00C04F79EFBC}") = "PropFlow.Modules.Complaints", "src\Modules\Complaints\PropFlow.Modules.Complaints.csproj", "{15CA3C06-7CF1-4A18-AC20-B57E04268B6F}"
EndProject
Project("{FAE04EC0-301F-11D3-BF4B-00C04F79EFBC}") = "PropFlow.Modules.Maintenance", "src\Modules\Maintenance\PropFlow.Modules.Maintenance.csproj", "{BC45C8A3-F420-4AA1-96D8-21447AC51328}"
EndProject
Project("{FAE04EC0-301F-11D3-BF4B-00C04F79EFBC}") = "PropFlow.Modules.Billing", "src\Modules\Billing\PropFlow.Modules.Billing.csproj", "{7AA92115-3A39-4B4F-987E-3637B4CE4610}"
EndProject
Project("{FAE04EC0-301F-11D3-BF4B-00C04F79EFBC}") = "PropFlow.Modules.Payments", "src\Modules\Payments\PropFlow.Modules.Payments.csproj", "{FB6F8320-6673-410D-B40C-02B4272394E1}"
EndProject
Project("{FAE04EC0-301F-11D3-BF4B-00C04F79EFBC}") = "PropFlow.Modules.AiClassification", "src\Modules\AiClassification\PropFlow.Modules.AiClassification.csproj", "{16F9EAB7-E1AF-424A-9906-962837E49E6D}"
EndProject
Project("{FAE04EC0-301F-11D3-BF4B-00C04F79EFBC}") = "PropFlow.Modules.AiRecommendation", "src\Modules\AiRecommendation\PropFlow.Modules.AiRecommendation.csproj", "{F4DA77C8-B0F6-4D1E-8A8E-9BCF5EAB392B}"
EndProject
Project("{FAE04EC0-301F-11D3-BF4B-00C04F79EFBC}") = "PropFlow.Modules.AiChatbot", "src\Modules\AiChatbot\PropFlow.Modules.AiChatbot.csproj", "{9C26A474-B93E-4A02-A95D-C27FEBCC9711}"
EndProject
Project("{FAE04EC0-301F-11D3-BF4B-00C04F79EFBC}") = "PropFlow.Modules.Communication", "src\Modules\Communication\PropFlow.Modules.Communication.csproj", "{00BA9DA3-206D-4FE9-9583-1D8F12BDB82B}"
EndProject
Project("{FAE04EC0-301F-11D3-BF4B-00C04F79EFBC}") = "PropFlow.Modules.Reporting", "src\Modules\Reporting\PropFlow.Modules.Reporting.csproj", "{1EBA39D6-215F-44AA-B31B-A2F24C76C4E2}"
EndProject
Project("{FAE04EC0-301F-11D3-BF4B-00C04F79EFBC}") = "PropFlow.Modules.Administration", "src\Modules\Administration\PropFlow.Modules.Administration.csproj", "{8E1683D4-9EC8-4363-BFD5-8096D31BA56E}"
EndProject
Project("{2150E333-8FDC-42A3-9474-1A3956D46DE8}") = "tests", "tests", "{53ECF838-9772-47AC-BA0B-08A0B927F1D2}"
EndProject
Project("{FAE04EC0-301F-11D3-BF4B-00C04F79EFBC}") = "PropFlow.ArchitectureTests", "tests\PropFlow.ArchitectureTests\PropFlow.ArchitectureTests.csproj", "{C9052288-B135-4ED6-866A-1BAD27E246B4}"
EndProject
Project("{FAE04EC0-301F-11D3-BF4B-00C04F79EFBC}") = "PropFlow.IntegrationTests", "tests\PropFlow.IntegrationTests\PropFlow.IntegrationTests.csproj", "{C611437C-6946-4E75-A9C6-033525123FE3}"
EndProject
Project("{FAE04EC0-301F-11D3-BF4B-00C04F79EFBC}") = "PropFlow.Shared", "src\Shared\PropFlow.Shared.csproj", "{19E6240B-F338-43DF-B97D-85E4C0227362}"
EndProject
Project("{FAE04EC0-301F-11D3-BF4B-00C04F79EFBC}") = "PropFlow.UnitTests", "tests\PropFlow.UnitTests\PropFlow.UnitTests.csproj", "{B2157FEA-A850-4BB3-A6BF-2D096EF03FDB}"
EndProject
Project("{FAE04EC0-301F-11D3-BF4B-00C04F79EFBC}") = "PropFlow.Modules.Authentication.Contracts", "src\Modules\Authentication.Contracts\PropFlow.Modules.Authentication.Contracts.csproj", "{82E02555-8BB5-43C9-AF56-E5D380B1C6AE}"
EndProject
Project("{FAE04EC0-301F-11D3-BF4B-00C04F79EFBC}") = "PropFlow.Modules.Residents.Contracts", "src\Modules\Residents.Contracts\PropFlow.Modules.Residents.Contracts.csproj", "{063F491B-3633-4437-A67B-52E6A9F05509}"
EndProject
Project("{FAE04EC0-301F-11D3-BF4B-00C04F79EFBC}") = "PropFlow.Modules.Administration.Contracts", "src\Modules\Administration.Contracts\PropFlow.Modules.Administration.Contracts.csproj", "{6C9EED82-5F24-43B1-8BAE-72F1C98F2CA5}"
EndProject
Project("{FAE04EC0-301F-11D3-BF4B-00C04F79EFBC}") = "PropFlow.Modules.Apartments.Contracts", "src\Modules\Apartments.Contracts\PropFlow.Modules.Apartments.Contracts.csproj", "{3E3D7C87-B802-490C-9FE4-326A28A8671C}"
EndProject
Project("{FAE04EC0-301F-11D3-BF4B-00C04F79EFBC}") = "PropFlow.Modules.PropertyAssets.Contracts", "src\Modules\PropertyAssets.Contracts\PropFlow.Modules.PropertyAssets.Contracts.csproj", "{0353157E-A999-466F-B720-B6CB1DF25784}"
EndProject
Project("{FAE04EC0-301F-11D3-BF4B-00C04F79EFBC}") = "PropFlow.Modules.ServiceRequests.Contracts", "src\Modules\ServiceRequests.Contracts\PropFlow.Modules.ServiceRequests.Contracts.csproj", "{40615780-EFCF-4F9E-9106-1A7F367FAFFB}"
EndProject
Global
	GlobalSection(SolutionConfigurationPlatforms) = preSolution
		Debug|Any CPU = Debug|Any CPU
		Release|Any CPU = Release|Any CPU
	EndGlobalSection
	GlobalSection(ProjectConfigurationPlatforms) = postSolution
		{6007CBF3-FED5-4FCC-8408-7C212D55217A}.Debug|Any CPU.ActiveCfg = Debug|Any CPU
		{6007CBF3-FED5-4FCC-8408-7C212D55217A}.Debug|Any CPU.Build.0 = Debug|Any CPU
		{6007CBF3-FED5-4FCC-8408-7C212D55217A}.Release|Any CPU.ActiveCfg = Release|Any CPU
		{6007CBF3-FED5-4FCC-8408-7C212D55217A}.Release|Any CPU.Build.0 = Release|Any CPU
		{502EBA25-B193-4421-A220-23F2F8623CE3}.Debug|Any CPU.ActiveCfg = Debug|Any CPU
		{502EBA25-B193-4421-A220-23F2F8623CE3}.Debug|Any CPU.Build.0 = Debug|Any CPU
		{502EBA25-B193-4421-A220-23F2F8623CE3}.Release|Any CPU.ActiveCfg = Release|Any CPU
		{502EBA25-B193-4421-A220-23F2F8623CE3}.Release|Any CPU.Build.0 = Release|Any CPU
		{0250FDC1-F612-4AC2-9EAF-1665DFD22FB8}.Debug|Any CPU.ActiveCfg = Debug|Any CPU
		{0250FDC1-F612-4AC2-9EAF-1665DFD22FB8}.Debug|Any CPU.Build.0 = Debug|Any CPU
		{0250FDC1-F612-4AC2-9EAF-1665DFD22FB8}.Release|Any CPU.ActiveCfg = Release|Any CPU
		{0250FDC1-F612-4AC2-9EAF-1665DFD22FB8}.Release|Any CPU.Build.0 = Release|Any CPU
		{41CA39AD-ED79-40F1-B255-8680B04C611D}.Debug|Any CPU.ActiveCfg = Debug|Any CPU
		{41CA39AD-ED79-40F1-B255-8680B04C611D}.Debug|Any CPU.Build.0 = Debug|Any CPU
		{41CA39AD-ED79-40F1-B255-8680B04C611D}.Release|Any CPU.ActiveCfg = Release|Any CPU
		{41CA39AD-ED79-40F1-B255-8680B04C611D}.Release|Any CPU.Build.0 = Release|Any CPU
		{EA33EF8F-96B6-4B73-A371-DD9DE17D1142}.Debug|Any CPU.ActiveCfg = Debug|Any CPU
		{EA33EF8F-96B6-4B73-A371-DD9DE17D1142}.Debug|Any CPU.Build.0 = Debug|Any CPU
		{EA33EF8F-96B6-4B73-A371-DD9DE17D1142}.Release|Any CPU.ActiveCfg = Release|Any CPU
		{EA33EF8F-96B6-4B73-A371-DD9DE17D1142}.Release|Any CPU.Build.0 = Release|Any CPU
		{68019BDA-D952-41C1-B533-6EE80C095174}.Debug|Any CPU.ActiveCfg = Debug|Any CPU
		{68019BDA-D952-41C1-B533-6EE80C095174}.Debug|Any CPU.Build.0 = Debug|Any CPU
		{68019BDA-D952-41C1-B533-6EE80C095174}.Release|Any CPU.ActiveCfg = Release|Any CPU
		{68019BDA-D952-41C1-B533-6EE80C095174}.Release|Any CPU.Build.0 = Release|Any CPU
		{3D4742D2-0828-4DC2-B0F8-EACB2B2CD405}.Debug|Any CPU.ActiveCfg = Debug|Any CPU
		{3D4742D2-0828-4DC2-B0F8-EACB2B2CD405}.Debug|Any CPU.Build.0 = Debug|Any CPU
		{3D4742D2-0828-4DC2-B0F8-EACB2B2CD405}.Release|Any CPU.ActiveCfg = Release|Any CPU
		{3D4742D2-0828-4DC2-B0F8-EACB2B2CD405}.Release|Any CPU.Build.0 = Release|Any CPU
		{2F704DFC-B091-4134-BC13-86672174AF37}.Debug|Any CPU.ActiveCfg = Debug|Any CPU
		{2F704DFC-B091-4134-BC13-86672174AF37}.Debug|Any CPU.Build.0 = Debug|Any CPU
		{2F704DFC-B091-4134-BC13-86672174AF37}.Release|Any CPU.ActiveCfg = Release|Any CPU
		{2F704DFC-B091-4134-BC13-86672174AF37}.Release|Any CPU.Build.0 = Release|Any CPU
		{15CA3C06-7CF1-4A18-AC20-B57E04268B6F}.Debug|Any CPU.ActiveCfg = Debug|Any CPU
		{15CA3C06-7CF1-4A18-AC20-B57E04268B6F}.Debug|Any CPU.Build.0 = Debug|Any CPU
		{15CA3C06-7CF1-4A18-AC20-B57E04268B6F}.Release|Any CPU.ActiveCfg = Release|Any CPU
		{15CA3C06-7CF1-4A18-AC20-B57E04268B6F}.Release|Any CPU.Build.0 = Release|Any CPU
		{BC45C8A3-F420-4AA1-96D8-21447AC51328}.Debug|Any CPU.ActiveCfg = Debug|Any CPU
		{BC45C8A3-F420-4AA1-96D8-21447AC51328}.Debug|Any CPU.Build.0 = Debug|Any CPU
		{BC45C8A3-F420-4AA1-96D8-21447AC51328}.Release|Any CPU.ActiveCfg = Release|Any CPU
		{BC45C8A3-F420-4AA1-96D8-21447AC51328}.Release|Any CPU.Build.0 = Release|Any CPU
		{7AA92115-3A39-4B4F-987E-3637B4CE4610}.Debug|Any CPU.ActiveCfg = Debug|Any CPU
		{7AA92115-3A39-4B4F-987E-3637B4CE4610}.Debug|Any CPU.Build.0 = Debug|Any CPU
		{7AA92115-3A39-4B4F-987E-3637B4CE4610}.Release|Any CPU.ActiveCfg = Release|Any CPU
		{7AA92115-3A39-4B4F-987E-3637B4CE4610}.Release|Any CPU.Build.0 = Release|Any CPU
		{FB6F8320-6673-410D-B40C-02B4272394E1}.Debug|Any CPU.ActiveCfg = Debug|Any CPU
		{FB6F8320-6673-410D-B40C-02B4272394E1}.Debug|Any CPU.Build.0 = Debug|Any CPU
		{FB6F8320-6673-410D-B40C-02B4272394E1}.Release|Any CPU.ActiveCfg = Release|Any CPU
		{FB6F8320-6673-410D-B40C-02B4272394E1}.Release|Any CPU.Build.0 = Release|Any CPU
		{16F9EAB7-E1AF-424A-9906-962837E49E6D}.Debug|Any CPU.ActiveCfg = Debug|Any CPU
		{16F9EAB7-E1AF-424A-9906-962837E49E6D}.Debug|Any CPU.Build.0 = Debug|Any CPU
		{16F9EAB7-E1AF-424A-9906-962837E49E6D}.Release|Any CPU.ActiveCfg = Release|Any CPU
		{16F9EAB7-E1AF-424A-9906-962837E49E6D}.Release|Any CPU.Build.0 = Release|Any CPU
		{F4DA77C8-B0F6-4D1E-8A8E-9BCF5EAB392B}.Debug|Any CPU.ActiveCfg = Debug|Any CPU
		{F4DA77C8-B0F6-4D1E-8A8E-9BCF5EAB392B}.Debug|Any CPU.Build.0 = Debug|Any CPU
		{F4DA77C8-B0F6-4D1E-8A8E-9BCF5EAB392B}.Release|Any CPU.ActiveCfg = Release|Any CPU
		{F4DA77C8-B0F6-4D1E-8A8E-9BCF5EAB392B}.Release|Any CPU.Build.0 = Release|Any CPU
		{9C26A474-B93E-4A02-A95D-C27FEBCC9711}.Debug|Any CPU.ActiveCfg = Debug|Any CPU
		{9C26A474-B93E-4A02-A95D-C27FEBCC9711}.Debug|Any CPU.Build.0 = Debug|Any CPU
		{9C26A474-B93E-4A02-A95D-C27FEBCC9711}.Release|Any CPU.ActiveCfg = Release|Any CPU
		{9C26A474-B93E-4A02-A95D-C27FEBCC9711}.Release|Any CPU.Build.0 = Release|Any CPU
		{00BA9DA3-206D-4FE9-9583-1D8F12BDB82B}.Debug|Any CPU.ActiveCfg = Debug|Any CPU
		{00BA9DA3-206D-4FE9-9583-1D8F12BDB82B}.Debug|Any CPU.Build.0 = Debug|Any CPU
		{00BA9DA3-206D-4FE9-9583-1D8F12BDB82B}.Release|Any CPU.ActiveCfg = Release|Any CPU
		{00BA9DA3-206D-4FE9-9583-1D8F12BDB82B}.Release|Any CPU.Build.0 = Release|Any CPU
		{1EBA39D6-215F-44AA-B31B-A2F24C76C4E2}.Debug|Any CPU.ActiveCfg = Debug|Any CPU
		{1EBA39D6-215F-44AA-B31B-A2F24C76C4E2}.Debug|Any CPU.Build.0 = Debug|Any CPU
		{1EBA39D6-215F-44AA-B31B-A2F24C76C4E2}.Release|Any CPU.ActiveCfg = Release|Any CPU
		{1EBA39D6-215F-44AA-B31B-A2F24C76C4E2}.Release|Any CPU.Build.0 = Release|Any CPU
		{8E1683D4-9EC8-4363-BFD5-8096D31BA56E}.Debug|Any CPU.ActiveCfg = Debug|Any CPU
		{8E1683D4-9EC8-4363-BFD5-8096D31BA56E}.Debug|Any CPU.Build.0 = Debug|Any CPU
		{8E1683D4-9EC8-4363-BFD5-8096D31BA56E}.Release|Any CPU.ActiveCfg = Release|Any CPU
		{8E1683D4-9EC8-4363-BFD5-8096D31BA56E}.Release|Any CPU.Build.0 = Release|Any CPU
		{C9052288-B135-4ED6-866A-1BAD27E246B4}.Debug|Any CPU.ActiveCfg = Debug|Any CPU
		{C9052288-B135-4ED6-866A-1BAD27E246B4}.Debug|Any CPU.Build.0 = Debug|Any CPU
		{C9052288-B135-4ED6-866A-1BAD27E246B4}.Release|Any CPU.ActiveCfg = Release|Any CPU
		{C9052288-B135-4ED6-866A-1BAD27E246B4}.Release|Any CPU.Build.0 = Release|Any CPU
		{C611437C-6946-4E75-A9C6-033525123FE3}.Debug|Any CPU.ActiveCfg = Debug|Any CPU
		{C611437C-6946-4E75-A9C6-033525123FE3}.Debug|Any CPU.Build.0 = Debug|Any CPU
		{C611437C-6946-4E75-A9C6-033525123FE3}.Release|Any CPU.ActiveCfg = Release|Any CPU
		{C611437C-6946-4E75-A9C6-033525123FE3}.Release|Any CPU.Build.0 = Release|Any CPU
		{19E6240B-F338-43DF-B97D-85E4C0227362}.Debug|Any CPU.ActiveCfg = Debug|Any CPU
		{19E6240B-F338-43DF-B97D-85E4C0227362}.Debug|Any CPU.Build.0 = Debug|Any CPU
		{19E6240B-F338-43DF-B97D-85E4C0227362}.Release|Any CPU.ActiveCfg = Release|Any CPU
		{19E6240B-F338-43DF-B97D-85E4C0227362}.Release|Any CPU.Build.0 = Release|Any CPU
		{B2157FEA-A850-4BB3-A6BF-2D096EF03FDB}.Debug|Any CPU.ActiveCfg = Debug|Any CPU
		{B2157FEA-A850-4BB3-A6BF-2D096EF03FDB}.Debug|Any CPU.Build.0 = Debug|Any CPU
		{B2157FEA-A850-4BB3-A6BF-2D096EF03FDB}.Release|Any CPU.ActiveCfg = Release|Any CPU
		{B2157FEA-A850-4BB3-A6BF-2D096EF03FDB}.Release|Any CPU.Build.0 = Release|Any CPU
		{82E02555-8BB5-43C9-AF56-E5D380B1C6AE}.Debug|Any CPU.ActiveCfg = Debug|Any CPU
		{82E02555-8BB5-43C9-AF56-E5D380B1C6AE}.Debug|Any CPU.Build.0 = Debug|Any CPU
		{82E02555-8BB5-43C9-AF56-E5D380B1C6AE}.Release|Any CPU.ActiveCfg = Release|Any CPU
		{82E02555-8BB5-43C9-AF56-E5D380B1C6AE}.Release|Any CPU.Build.0 = Release|Any CPU
		{063F491B-3633-4437-A67B-52E6A9F05509}.Debug|Any CPU.ActiveCfg = Debug|Any CPU
		{063F491B-3633-4437-A67B-52E6A9F05509}.Debug|Any CPU.Build.0 = Debug|Any CPU
		{063F491B-3633-4437-A67B-52E6A9F05509}.Release|Any CPU.ActiveCfg = Release|Any CPU
		{063F491B-3633-4437-A67B-52E6A9F05509}.Release|Any CPU.Build.0 = Release|Any CPU
		{6C9EED82-5F24-43B1-8BAE-72F1C98F2CA5}.Debug|Any CPU.ActiveCfg = Debug|Any CPU
		{6C9EED82-5F24-43B1-8BAE-72F1C98F2CA5}.Debug|Any CPU.Build.0 = Debug|Any CPU
		{6C9EED82-5F24-43B1-8BAE-72F1C98F2CA5}.Release|Any CPU.ActiveCfg = Release|Any CPU
		{6C9EED82-5F24-43B1-8BAE-72F1C98F2CA5}.Release|Any CPU.Build.0 = Release|Any CPU
		{3E3D7C87-B802-490C-9FE4-326A28A8671C}.Debug|Any CPU.ActiveCfg = Debug|Any CPU
		{3E3D7C87-B802-490C-9FE4-326A28A8671C}.Debug|Any CPU.Build.0 = Debug|Any CPU
		{3E3D7C87-B802-490C-9FE4-326A28A8671C}.Release|Any CPU.ActiveCfg = Release|Any CPU
		{3E3D7C87-B802-490C-9FE4-326A28A8671C}.Release|Any CPU.Build.0 = Release|Any CPU
		{0353157E-A999-466F-B720-B6CB1DF25784}.Debug|Any CPU.ActiveCfg = Debug|Any CPU
		{0353157E-A999-466F-B720-B6CB1DF25784}.Debug|Any CPU.Build.0 = Debug|Any CPU
		{0353157E-A999-466F-B720-B6CB1DF25784}.Release|Any CPU.ActiveCfg = Release|Any CPU
		{0353157E-A999-466F-B720-B6CB1DF25784}.Release|Any CPU.Build.0 = Release|Any CPU
		{40615780-EFCF-4F9E-9106-1A7F367FAFFB}.Debug|Any CPU.ActiveCfg = Debug|Any CPU
		{40615780-EFCF-4F9E-9106-1A7F367FAFFB}.Debug|Any CPU.Build.0 = Debug|Any CPU
		{40615780-EFCF-4F9E-9106-1A7F367FAFFB}.Release|Any CPU.ActiveCfg = Release|Any CPU
		{40615780-EFCF-4F9E-9106-1A7F367FAFFB}.Release|Any CPU.Build.0 = Release|Any CPU
	EndGlobalSection
	GlobalSection(SolutionProperties) = preSolution
		HideSolutionNode = FALSE
	EndGlobalSection
	GlobalSection(NestedProjects) = preSolution
		{6007CBF3-FED5-4FCC-8408-7C212D55217A} = {F3E99ECD-8C73-4BC1-B676-7E978B282458}
		{502EBA25-B193-4421-A220-23F2F8623CE3} = {F3E99ECD-8C73-4BC1-B676-7E978B282458}
		{0250FDC1-F612-4AC2-9EAF-1665DFD22FB8} = {F3E99ECD-8C73-4BC1-B676-7E978B282458}
		{2A0E91FB-51BF-420E-8AF9-06E1DFE4433E} = {F3E99ECD-8C73-4BC1-B676-7E978B282458}
		{41CA39AD-ED79-40F1-B255-8680B04C611D} = {2A0E91FB-51BF-420E-8AF9-06E1DFE4433E}
		{EA33EF8F-96B6-4B73-A371-DD9DE17D1142} = {2A0E91FB-51BF-420E-8AF9-06E1DFE4433E}
		{68019BDA-D952-41C1-B533-6EE80C095174} = {2A0E91FB-51BF-420E-8AF9-06E1DFE4433E}
		{3D4742D2-0828-4DC2-B0F8-EACB2B2CD405} = {2A0E91FB-51BF-420E-8AF9-06E1DFE4433E}
		{2F704DFC-B091-4134-BC13-86672174AF37} = {2A0E91FB-51BF-420E-8AF9-06E1DFE4433E}
		{15CA3C06-7CF1-4A18-AC20-B57E04268B6F} = {2A0E91FB-51BF-420E-8AF9-06E1DFE4433E}
		{BC45C8A3-F420-4AA1-96D8-21447AC51328} = {2A0E91FB-51BF-420E-8AF9-06E1DFE4433E}
		{7AA92115-3A39-4B4F-987E-3637B4CE4610} = {2A0E91FB-51BF-420E-8AF9-06E1DFE4433E}
		{FB6F8320-6673-410D-B40C-02B4272394E1} = {2A0E91FB-51BF-420E-8AF9-06E1DFE4433E}
		{16F9EAB7-E1AF-424A-9906-962837E49E6D} = {2A0E91FB-51BF-420E-8AF9-06E1DFE4433E}
		{F4DA77C8-B0F6-4D1E-8A8E-9BCF5EAB392B} = {2A0E91FB-51BF-420E-8AF9-06E1DFE4433E}
		{9C26A474-B93E-4A02-A95D-C27FEBCC9711} = {2A0E91FB-51BF-420E-8AF9-06E1DFE4433E}
		{00BA9DA3-206D-4FE9-9583-1D8F12BDB82B} = {2A0E91FB-51BF-420E-8AF9-06E1DFE4433E}
		{1EBA39D6-215F-44AA-B31B-A2F24C76C4E2} = {2A0E91FB-51BF-420E-8AF9-06E1DFE4433E}
		{8E1683D4-9EC8-4363-BFD5-8096D31BA56E} = {2A0E91FB-51BF-420E-8AF9-06E1DFE4433E}
		{C9052288-B135-4ED6-866A-1BAD27E246B4} = {53ECF838-9772-47AC-BA0B-08A0B927F1D2}
		{C611437C-6946-4E75-A9C6-033525123FE3} = {53ECF838-9772-47AC-BA0B-08A0B927F1D2}
		{19E6240B-F338-43DF-B97D-85E4C0227362} = {F3E99ECD-8C73-4BC1-B676-7E978B282458}
		{B2157FEA-A850-4BB3-A6BF-2D096EF03FDB} = {53ECF838-9772-47AC-BA0B-08A0B927F1D2}
		{82E02555-8BB5-43C9-AF56-E5D380B1C6AE} = {2A0E91FB-51BF-420E-8AF9-06E1DFE4433E}
		{063F491B-3633-4437-A67B-52E6A9F05509} = {2A0E91FB-51BF-420E-8AF9-06E1DFE4433E}
		{6C9EED82-5F24-43B1-8BAE-72F1C98F2CA5} = {2A0E91FB-51BF-420E-8AF9-06E1DFE4433E}
		{3E3D7C87-B802-490C-9FE4-326A28A8671C} = {2A0E91FB-51BF-420E-8AF9-06E1DFE4433E}
		{0353157E-A999-466F-B720-B6CB1DF25784} = {2A0E91FB-51BF-420E-8AF9-06E1DFE4433E}
		{40615780-EFCF-4F9E-9106-1A7F367FAFFB} = {2A0E91FB-51BF-420E-8AF9-06E1DFE4433E}
	EndGlobalSection
EndGlobal
